
Microsoft Visual Studio Solution File, Format Version 12.00
# Visual Studio 15
VisualStudioVersion = 15.0.28307.438
MinimumVisualStudioVersion = 10.0.40219.1
Project("{9A19103F-16F7-4668-BE54-9A1E7A4F7556}") = "BDI", "BDI\BDI.csproj", "{57713E58-C140-4324-B671-008442CF3185}"
EndProject
Global
	GlobalSection(SolutionConfigurationPlatforms) = preSolution
		Debug|Any CPU = Debug|Any CPU
		Release|Any CPU = Release|Any CPU
	EndGlobalSection
	GlobalSection(ProjectConfigurationPlatforms) = postSolution
		{57713E58-C140-4324-B671-008442CF3185}.Debug|Any CPU.ActiveCfg = Debug|Any CPU
		{57713E58-C140-4324-B671-008442CF3185}.Debug|Any CPU.Build.0 = Debug|Any CPU
		{57713E58-C140-4324-B671-008442CF3185}.Release|Any CPU.ActiveCfg = Release|Any CPU
		{57713E58-C140-4324-B671-008442CF3185}.Release|Any CPU.Build.0 = Release|Any CPU
	EndGlobalSection
	GlobalSection(SolutionProperties) = preSolution
		HideSolutionNode = FALSE
	EndGlobalSection
	GlobalSection(ExtensibilityGlobals) = postSolution
		SolutionGuid = {D1FE66F8-2682-43B2-889B-CF9A35366439}
	EndGlobalSection
EndGlobal
